// !$*UTF8*$!
{
	archiveVersion = 1;
	classes = {
	};
	objectVersion = 46;
	objects = {

/* Begin PBXBuildFile section */
		3A1B2A8019832EF900EB2C05 /* MainMenu.xib in Resources */ = {isa = PBXBuildFile; fileRef = 3A1B2A7F19832EF900EB2C05 /* MainMenu.xib */; };
		3A1B2AC519833D0600EB2C05 /* TLAmtrakStatusView.m in Sources */ = {isa = PBXBuildFile; fileRef = 3A1B2AC419833D0600EB2C05 /* TLAmtrakStatusView.m */; };
		3A1DD09219A7F98A004C038C /* Sparkle.framework in Frameworks */ = {isa = PBXBuildFile; fileRef = 3A1DD09119A7F98A004C038C /* Sparkle.framework */; };
		3A1DD09419A7FB26004C038C /* Sparkle.framework in Copy Files */ = {isa = PBXBuildFile; fileRef = 3A1DD09119A7F98A004C038C /* Sparkle.framework */; };
		3A1DD09619A80318004C038C /* dsa_pub.pem in Resources */ = {isa = PBXBuildFile; fileRef = 3A1DD09519A80318004C038C /* dsa_pub.pem */; };
		3A2F05DC198C422A00237226 /* Base64.m in Sources */ = {isa = PBXBuildFile; fileRef = 3A2F05BE198C422A00237226 /* Base64.m */; };
		3A2F05DD198C422A00237226 /* UNIBaseRequest.m in Sources */ = {isa = PBXBuildFile; fileRef = 3A2F05C1198C422A00237226 /* UNIBaseRequest.m */; };
		3A2F05DE198C422A00237226 /* UNIBodyRequest.m in Sources */ = {isa = PBXBuildFile; fileRef = 3A2F05C3198C422A00237226 /* UNIBodyRequest.m */; };
		3A2F05DF198C422A00237226 /* UNISimpleRequest.m in Sources */ = {isa = PBXBuildFile; fileRef = 3A2F05C5198C422A00237226 /* UNISimpleRequest.m */; };
		3A2F05E0198C422A00237226 /* UNIHTTPBinaryResponse.m in Sources */ = {isa = PBXBuildFile; fileRef = 3A2F05C8198C422A00237226 /* UNIHTTPBinaryResponse.m */; };
		3A2F05E1198C422A00237226 /* UNIHTTPJsonResponse.m in Sources */ = {isa = PBXBuildFile; fileRef = 3A2F05CA198C422A00237226 /* UNIHTTPJsonResponse.m */; };
		3A2F05E2198C422A00237226 /* UNIHTTPResponse.m in Sources */ = {isa = PBXBuildFile; fileRef = 3A2F05CC198C422A00237226 /* UNIHTTPResponse.m */; };
		3A2F05E3198C422A00237226 /* UNIHTTPStringResponse.m in Sources */ = {isa = PBXBuildFile; fileRef = 3A2F05CE198C422A00237226 /* UNIHTTPStringResponse.m */; };
		3A2F05E4198C422A00237226 /* UNIJsonNode.m in Sources */ = {isa = PBXBuildFile; fileRef = 3A2F05D0198C422A00237226 /* UNIJsonNode.m */; };
		3A2F05E5198C422A00237226 /* UNIHTTPClientHelper.m in Sources */ = {isa = PBXBuildFile; fileRef = 3A2F05D2198C422A00237226 /* UNIHTTPClientHelper.m */; };
		3A2F05E6198C422A00237226 /* UNIHTTPRequest.m in Sources */ = {isa = PBXBuildFile; fileRef = 3A2F05D4198C422A00237226 /* UNIHTTPRequest.m */; };
		3A2F05E7198C422A00237226 /* UNIHTTPRequestWithBody.m in Sources */ = {isa = PBXBuildFile; fileRef = 3A2F05D6198C422A00237226 /* UNIHTTPRequestWithBody.m */; };
		3A2F05E8198C422A00237226 /* UNIRest.m in Sources */ = {isa = PBXBuildFile; fileRef = 3A2F05D9198C422A00237226 /* UNIRest.m */; };
		3A2F05E9198C422A00237226 /* UNIUrlConnection.m in Sources */ = {isa = PBXBuildFile; fileRef = 3A2F05DB198C422A00237226 /* UNIUrlConnection.m */; };
		3A2F05EC198C479400237226 /* TLPreferencesWindowController.m in Sources */ = {isa = PBXBuildFile; fileRef = 3A2F05EB198C479400237226 /* TLPreferencesWindowController.m */; };
		3A2F05F0198EC2D700237226 /* TLTrainListItemTextView.m in Sources */ = {isa = PBXBuildFile; fileRef = 3A2F05EF198EC2D700237226 /* TLTrainListItemTextView.m */; };
		3A3A91EE19907EB600EE7E1D /* UserDefaults.plist in Resources */ = {isa = PBXBuildFile; fileRef = 3A3A91ED19907EB600EE7E1D /* UserDefaults.plist */; };
		3A5D5A29199967C300F179B8 /* TLTrain.m in Sources */ = {isa = PBXBuildFile; fileRef = 3A5D5A28199967C300F179B8 /* TLTrain.m */; };
		3A64C395198725A100053DC7 /* TLTrainListItemView.m in Sources */ = {isa = PBXBuildFile; fileRef = 3A64C394198725A100053DC7 /* TLTrainListItemView.m */; };
		3A64C399198725C000053DC7 /* TLTrainListItemTrainView.m in Sources */ = {isa = PBXBuildFile; fileRef = 3A64C398198725C000053DC7 /* TLTrainListItemTrainView.m */; };
		3A64C39D198725E500053DC7 /* TLTrainListItemScheduledView.m in Sources */ = {isa = PBXBuildFile; fileRef = 3A64C39C198725E500053DC7 /* TLTrainListItemScheduledView.m */; };
		3A64C3A1198725FF00053DC7 /* TLTrainListItemEstimatedView.m in Sources */ = {isa = PBXBuildFile; fileRef = 3A64C3A0198725FF00053DC7 /* TLTrainListItemEstimatedView.m */; };
		3AC026A91981AE9700AEDAE9 /* Cocoa.framework in Frameworks */ = {isa = PBXBuildFile; fileRef = 3AC026A81981AE9700AEDAE9 /* Cocoa.framework */; };
		3AC026B31981AE9700AEDAE9 /* InfoPlist.strings in Resources */ = {isa = PBXBuildFile; fileRef = 3AC026B11981AE9700AEDAE9 /* InfoPlist.strings */; };
		3AC026B51981AE9700AEDAE9 /* main.m in Sources */ = {isa = PBXBuildFile; fileRef = 3AC026B41981AE9700AEDAE9 /* main.m */; };
		3AC026B91981AE9700AEDAE9 /* Credits.rtf in Resources */ = {isa = PBXBuildFile; fileRef = 3AC026B71981AE9700AEDAE9 /* Credits.rtf */; };
		3AC026BC1981AE9700AEDAE9 /* TLAppDelegate.m in Sources */ = {isa = PBXBuildFile; fileRef = 3AC026BB1981AE9700AEDAE9 /* TLAppDelegate.m */; };
		3AC026C11981AE9700AEDAE9 /* Images.xcassets in Resources */ = {isa = PBXBuildFile; fileRef = 3AC026C01981AE9700AEDAE9 /* Images.xcassets */; };
		3AC026C81981AE9700AEDAE9 /* XCTest.framework in Frameworks */ = {isa = PBXBuildFile; fileRef = 3AC026C71981AE9700AEDAE9 /* XCTest.framework */; };
		3AC026C91981AE9700AEDAE9 /* Cocoa.framework in Frameworks */ = {isa = PBXBuildFile; fileRef = 3AC026A81981AE9700AEDAE9 /* Cocoa.framework */; };
		3AC026D11981AE9700AEDAE9 /* InfoPlist.strings in Resources */ = {isa = PBXBuildFile; fileRef = 3AC026CF1981AE9700AEDAE9 /* InfoPlist.strings */; };
		3AC026D31981AE9700AEDAE9 /* Amtrak_StatusTests.m in Sources */ = {isa = PBXBuildFile; fileRef = 3AC026D21981AE9700AEDAE9 /* Amtrak_StatusTests.m */; };
		3AC026DF1981C2D100AEDAE9 /* TLAmtrakStatusMenu.m in Sources */ = {isa = PBXBuildFile; fileRef = 3AC026DE1981C2D100AEDAE9 /* TLAmtrakStatusMenu.m */; };
		3AC026EA1981CE6100AEDAE9 /* TLAmtrakStatusGrabber.m in Sources */ = {isa = PBXBuildFile; fileRef = 3AC026E91981CE6100AEDAE9 /* TLAmtrakStatusGrabber.m */; };
/* End PBXBuildFile section */

/* Begin PBXContainerItemProxy section */
		3AC026CA1981AE9700AEDAE9 /* PBXContainerItemProxy */ = {
			isa = PBXContainerItemProxy;
			containerPortal = 3AC0269D1981AE9700AEDAE9 /* Project object */;
			proxyType = 1;
			remoteGlobalIDString = 3AC026A41981AE9700AEDAE9;
			remoteInfo = "Amtrak Status";
		};
/* End PBXContainerItemProxy section */

/* Begin PBXCopyFilesBuildPhase section */
		3A1DD09319A7FB05004C038C /* Copy Files */ = {
			isa = PBXCopyFilesBuildPhase;
			buildActionMask = 2147483647;
			dstPath = "";
			dstSubfolderSpec = 10;
			files = (
				3A1DD09419A7FB26004C038C /* Sparkle.framework in Copy Files */,
			);
			name = "Copy Files";
			runOnlyForDeploymentPostprocessing = 0;
		};
/* End PBXCopyFilesBuildPhase section */

/* Begin PBXFileReference section */
		3A1B2A7F19832EF900EB2C05 /* MainMenu.xib */ = {isa = PBXFileReference; fileEncoding = 4; lastKnownFileType = file.xib; path = MainMenu.xib; sourceTree = "<group>"; };
		3A1B2AC319833D0600EB2C05 /* TLAmtrakStatusView.h */ = {isa = PBXFileReference; fileEncoding = 4; lastKnownFileType = sourcecode.c.h; name = TLAmtrakStatusView.h; path = TLAmtrakStatusView/TLAmtrakStatusView.h; sourceTree = "<group>"; };
		3A1B2AC419833D0600EB2C05 /* TLAmtrakStatusView.m */ = {isa = PBXFileReference; fileEncoding = 4; lastKnownFileType = sourcecode.c.objc; name = TLAmtrakStatusView.m; path = TLAmtrakStatusView/TLAmtrakStatusView.m; sourceTree = "<group>"; };
		3A1DD09119A7F98A004C038C /* Sparkle.framework */ = {isa = PBXFileReference; lastKnownFileType = wrapper.framework; path = Sparkle.framework; sourceTree = "<group>"; };
		3A1DD09519A80318004C038C /* dsa_pub.pem */ = {isa = PBXFileReference; fileEncoding = 4; lastKnownFileType = text; path = dsa_pub.pem; sourceTree = "<group>"; };
		3A2F05BD198C422A00237226 /* Base64.h */ = {isa = PBXFileReference; fileEncoding = 4; lastKnownFileType = sourcecode.c.h; path = Base64.h; sourceTree = "<group>"; };
		3A2F05BE198C422A00237226 /* Base64.m */ = {isa = PBXFileReference; fileEncoding = 4; lastKnownFileType = sourcecode.c.objc; path = Base64.m; sourceTree = "<group>"; };
		3A2F05C0198C422A00237226 /* UNIBaseRequest.h */ = {isa = PBXFileReference; fileEncoding = 4; lastKnownFileType = sourcecode.c.h; path = UNIBaseRequest.h; sourceTree = "<group>"; };
		3A2F05C1198C422A00237226 /* UNIBaseRequest.m */ = {isa = PBXFileReference; fileEncoding = 4; lastKnownFileType = sourcecode.c.objc; path = UNIBaseRequest.m; sourceTree = "<group>"; };
		3A2F05C2198C422A00237226 /* UNIBodyRequest.h */ = {isa = PBXFileReference; fileEncoding = 4; lastKnownFileType = sourcecode.c.h; path = UNIBodyRequest.h; sourceTree = "<group>"; };
		3A2F05C3198C422A00237226 /* UNIBodyRequest.m */ = {isa = PBXFileReference; fileEncoding = 4; lastKnownFileType = sourcecode.c.objc; path = UNIBodyRequest.m; sourceTree = "<group>"; };
		3A2F05C4198C422A00237226 /* UNISimpleRequest.h */ = {isa = PBXFileReference; fileEncoding = 4; lastKnownFileType = sourcecode.c.h; path = UNISimpleRequest.h; sourceTree = "<group>"; };
		3A2F05C5198C422A00237226 /* UNISimpleRequest.m */ = {isa = PBXFileReference; fileEncoding = 4; lastKnownFileType = sourcecode.c.objc; path = UNISimpleRequest.m; sourceTree = "<group>"; };
		3A2F05C7198C422A00237226 /* UNIHTTPBinaryResponse.h */ = {isa = PBXFileReference; fileEncoding = 4; lastKnownFileType = sourcecode.c.h; path = UNIHTTPBinaryResponse.h; sourceTree = "<group>"; };
		3A2F05C8198C422A00237226 /* UNIHTTPBinaryResponse.m */ = {isa = PBXFileReference; fileEncoding = 4; lastKnownFileType = sourcecode.c.objc; path = UNIHTTPBinaryResponse.m; sourceTree = "<group>"; };
		3A2F05C9198C422A00237226 /* UNIHTTPJsonResponse.h */ = {isa = PBXFileReference; fileEncoding = 4; lastKnownFileType = sourcecode.c.h; path = UNIHTTPJsonResponse.h; sourceTree = "<group>"; };
		3A2F05CA198C422A00237226 /* UNIHTTPJsonResponse.m */ = {isa = PBXFileReference; fileEncoding = 4; lastKnownFileType = sourcecode.c.objc; path = UNIHTTPJsonResponse.m; sourceTree = "<group>"; };
		3A2F05CB198C422A00237226 /* UNIHTTPResponse.h */ = {isa = PBXFileReference; fileEncoding = 4; lastKnownFileType = sourcecode.c.h; path = UNIHTTPResponse.h; sourceTree = "<group>"; };
		3A2F05CC198C422A00237226 /* UNIHTTPResponse.m */ = {isa = PBXFileReference; fileEncoding = 4; lastKnownFileType = sourcecode.c.objc; path = UNIHTTPResponse.m; sourceTree = "<group>"; };
		3A2F05CD198C422A00237226 /* UNIHTTPStringResponse.h */ = {isa = PBXFileReference; fileEncoding = 4; lastKnownFileType = sourcecode.c.h; path = UNIHTTPStringResponse.h; sourceTree = "<group>"; };
		3A2F05CE198C422A00237226 /* UNIHTTPStringResponse.m */ = {isa = PBXFileReference; fileEncoding = 4; lastKnownFileType = sourcecode.c.objc; path = UNIHTTPStringResponse.m; sourceTree = "<group>"; };
		3A2F05CF198C422A00237226 /* UNIJsonNode.h */ = {isa = PBXFileReference; fileEncoding = 4; lastKnownFileType = sourcecode.c.h; path = UNIJsonNode.h; sourceTree = "<group>"; };
		3A2F05D0198C422A00237226 /* UNIJsonNode.m */ = {isa = PBXFileReference; fileEncoding = 4; lastKnownFileType = sourcecode.c.objc; path = UNIJsonNode.m; sourceTree = "<group>"; };
		3A2F05D1198C422A00237226 /* UNIHTTPClientHelper.h */ = {isa = PBXFileReference; fileEncoding = 4; lastKnownFileType = sourcecode.c.h; path = UNIHTTPClientHelper.h; sourceTree = "<group>"; };
		3A2F05D2198C422A00237226 /* UNIHTTPClientHelper.m */ = {isa = PBXFileReference; fileEncoding = 4; lastKnownFileType = sourcecode.c.objc; path = UNIHTTPClientHelper.m; sourceTree = "<group>"; };
		3A2F05D3198C422A00237226 /* UNIHTTPRequest.h */ = {isa = PBXFileReference; fileEncoding = 4; lastKnownFileType = sourcecode.c.h; path = UNIHTTPRequest.h; sourceTree = "<group>"; };
		3A2F05D4198C422A00237226 /* UNIHTTPRequest.m */ = {isa = PBXFileReference; fileEncoding = 4; lastKnownFileType = sourcecode.c.objc; path = UNIHTTPRequest.m; sourceTree = "<group>"; };
		3A2F05D5198C422A00237226 /* UNIHTTPRequestWithBody.h */ = {isa = PBXFileReference; fileEncoding = 4; lastKnownFileType = sourcecode.c.h; path = UNIHTTPRequestWithBody.h; sourceTree = "<group>"; };
		3A2F05D6198C422A00237226 /* UNIHTTPRequestWithBody.m */ = {isa = PBXFileReference; fileEncoding = 4; lastKnownFileType = sourcecode.c.objc; path = UNIHTTPRequestWithBody.m; sourceTree = "<group>"; };
		3A2F05D7198C422A00237226 /* Unirest-Prefix.pch */ = {isa = PBXFileReference; fileEncoding = 4; lastKnownFileType = sourcecode.c.h; path = "Unirest-Prefix.pch"; sourceTree = "<group>"; };
		3A2F05D8198C422A00237226 /* UNIRest.h */ = {isa = PBXFileReference; fileEncoding = 4; lastKnownFileType = sourcecode.c.h; path = UNIRest.h; sourceTree = "<group>"; };
		3A2F05D9198C422A00237226 /* UNIRest.m */ = {isa = PBXFileReference; fileEncoding = 4; lastKnownFileType = sourcecode.c.objc; path = UNIRest.m; sourceTree = "<group>"; };
		3A2F05DA198C422A00237226 /* UNIUrlConnection.h */ = {isa = PBXFileReference; fileEncoding = 4; lastKnownFileType = sourcecode.c.h; path = UNIUrlConnection.h; sourceTree = "<group>"; };
		3A2F05DB198C422A00237226 /* UNIUrlConnection.m */ = {isa = PBXFileReference; fileEncoding = 4; lastKnownFileType = sourcecode.c.objc; path = UNIUrlConnection.m; sourceTree = "<group>"; };
		3A2F05EA198C479400237226 /* TLPreferencesWindowController.h */ = {isa = PBXFileReference; fileEncoding = 4; lastKnownFileType = sourcecode.c.h; name = TLPreferencesWindowController.h; path = TLPreferencesWindowController/TLPreferencesWindowController.h; sourceTree = "<group>"; };
		3A2F05EB198C479400237226 /* TLPreferencesWindowController.m */ = {isa = PBXFileReference; fileEncoding = 4; lastKnownFileType = sourcecode.c.objc; name = TLPreferencesWindowController.m; path = TLPreferencesWindowController/TLPreferencesWindowController.m; sourceTree = "<group>"; };
		3A2F05EE198EC2D700237226 /* TLTrainListItemTextView.h */ = {isa = PBXFileReference; fileEncoding = 4; lastKnownFileType = sourcecode.c.h; name = TLTrainListItemTextView.h; path = TLTrainListItemTextView/TLTrainListItemTextView.h; sourceTree = "<group>"; };
		3A2F05EF198EC2D700237226 /* TLTrainListItemTextView.m */ = {isa = PBXFileReference; fileEncoding = 4; lastKnownFileType = sourcecode.c.objc; name = TLTrainListItemTextView.m; path = TLTrainListItemTextView/TLTrainListItemTextView.m; sourceTree = "<group>"; };
		3A3A91ED19907EB600EE7E1D /* UserDefaults.plist */ = {isa = PBXFileReference; fileEncoding = 4; lastKnownFileType = text.plist.xml; path = UserDefaults.plist; sourceTree = "<group>"; };
		3A5D5A27199967C300F179B8 /* TLTrain.h */ = {isa = PBXFileReference; fileEncoding = 4; lastKnownFileType = sourcecode.c.h; name = TLTrain.h; path = TLTrain/TLTrain.h; sourceTree = "<group>"; };
		3A5D5A28199967C300F179B8 /* TLTrain.m */ = {isa = PBXFileReference; fileEncoding = 4; lastKnownFileType = sourcecode.c.objc; name = TLTrain.m; path = TLTrain/TLTrain.m; sourceTree = "<group>"; };
		3A64C393198725A100053DC7 /* TLTrainListItemView.h */ = {isa = PBXFileReference; fileEncoding = 4; lastKnownFileType = sourcecode.c.h; name = TLTrainListItemView.h; path = TLTrainListItemView/TLTrainListItemView.h; sourceTree = "<group>"; };
		3A64C394198725A100053DC7 /* TLTrainListItemView.m */ = {isa = PBXFileReference; fileEncoding = 4; lastKnownFileType = sourcecode.c.objc; name = TLTrainListItemView.m; path = TLTrainListItemView/TLTrainListItemView.m; sourceTree = "<group>"; };
		3A64C397198725C000053DC7 /* TLTrainListItemTrainView.h */ = {isa = PBXFileReference; fileEncoding = 4; lastKnownFileType = sourcecode.c.h; name = TLTrainListItemTrainView.h; path = TLTrainListItemTrainView/TLTrainListItemTrainView.h; sourceTree = "<group>"; };
		3A64C398198725C000053DC7 /* TLTrainListItemTrainView.m */ = {isa = PBXFileReference; fileEncoding = 4; lastKnownFileType = sourcecode.c.objc; name = TLTrainListItemTrainView.m; path = TLTrainListItemTrainView/TLTrainListItemTrainView.m; sourceTree = "<group>"; };
		3A64C39B198725E500053DC7 /* TLTrainListItemScheduledView.h */ = {isa = PBXFileReference; fileEncoding = 4; lastKnownFileType = sourcecode.c.h; name = TLTrainListItemScheduledView.h; path = TLTrainListItemScheduledView/TLTrainListItemScheduledView.h; sourceTree = "<group>"; };
		3A64C39C198725E500053DC7 /* TLTrainListItemScheduledView.m */ = {isa = PBXFileReference; fileEncoding = 4; lastKnownFileType = sourcecode.c.objc; name = TLTrainListItemScheduledView.m; path = TLTrainListItemScheduledView/TLTrainListItemScheduledView.m; sourceTree = "<group>"; };
		3A64C39F198725FF00053DC7 /* TLTrainListItemEstimatedView.h */ = {isa = PBXFileReference; fileEncoding = 4; lastKnownFileType = sourcecode.c.h; name = TLTrainListItemEstimatedView.h; path = TLTrainListItemEstimatedView/TLTrainListItemEstimatedView.h; sourceTree = "<group>"; };
		3A64C3A0198725FF00053DC7 /* TLTrainListItemEstimatedView.m */ = {isa = PBXFileReference; fileEncoding = 4; lastKnownFileType = sourcecode.c.objc; name = TLTrainListItemEstimatedView.m; path = TLTrainListItemEstimatedView/TLTrainListItemEstimatedView.m; sourceTree = "<group>"; };
		3AC026A51981AE9700AEDAE9 /* Amtrak Status.app */ = {isa = PBXFileReference; explicitFileType = wrapper.application; includeInIndex = 0; path = "Amtrak Status.app"; sourceTree = BUILT_PRODUCTS_DIR; };
		3AC026A81981AE9700AEDAE9 /* Cocoa.framework */ = {isa = PBXFileReference; lastKnownFileType = wrapper.framework; name = Cocoa.framework; path = System/Library/Frameworks/Cocoa.framework; sourceTree = SDKROOT; };
		3AC026AB1981AE9700AEDAE9 /* AppKit.framework */ = {isa = PBXFileReference; lastKnownFileType = wrapper.framework; name = AppKit.framework; path = System/Library/Frameworks/AppKit.framework; sourceTree = SDKROOT; };
		3AC026AC1981AE9700AEDAE9 /* CoreData.framework */ = {isa = PBXFileReference; lastKnownFileType = wrapper.framework; name = CoreData.framework; path = System/Library/Frameworks/CoreData.framework; sourceTree = SDKROOT; };
		3AC026AD1981AE9700AEDAE9 /* Foundation.framework */ = {isa = PBXFileReference; lastKnownFileType = wrapper.framework; name = Foundation.framework; path = System/Library/Frameworks/Foundation.framework; sourceTree = SDKROOT; };
		3AC026B01981AE9700AEDAE9 /* Amtrak Status-Info.plist */ = {isa = PBXFileReference; lastKnownFileType = text.plist.xml; path = "Amtrak Status-Info.plist"; sourceTree = "<group>"; };
		3AC026B21981AE9700AEDAE9 /* en */ = {isa = PBXFileReference; lastKnownFileType = text.plist.strings; name = en; path = en.lproj/InfoPlist.strings; sourceTree = "<group>"; };
		3AC026B41981AE9700AEDAE9 /* main.m */ = {isa = PBXFileReference; lastKnownFileType = sourcecode.c.objc; path = main.m; sourceTree = "<group>"; };
		3AC026B61981AE9700AEDAE9 /* Amtrak Status-Prefix.pch */ = {isa = PBXFileReference; lastKnownFileType = sourcecode.c.h; path = "Amtrak Status-Prefix.pch"; sourceTree = "<group>"; };
		3AC026B81981AE9700AEDAE9 /* en */ = {isa = PBXFileReference; lastKnownFileType = text.rtf; name = en; path = en.lproj/Credits.rtf; sourceTree = "<group>"; };
		3AC026BA1981AE9700AEDAE9 /* TLAppDelegate.h */ = {isa = PBXFileReference; lastKnownFileType = sourcecode.c.h; path = TLAppDelegate.h; sourceTree = "<group>"; };
		3AC026BB1981AE9700AEDAE9 /* TLAppDelegate.m */ = {isa = PBXFileReference; lastKnownFileType = sourcecode.c.objc; path = TLAppDelegate.m; sourceTree = "<group>"; };
		3AC026C01981AE9700AEDAE9 /* Images.xcassets */ = {isa = PBXFileReference; lastKnownFileType = folder.assetcatalog; path = Images.xcassets; sourceTree = "<group>"; };
		3AC026C61981AE9700AEDAE9 /* Amtrak StatusTests.xctest */ = {isa = PBXFileReference; explicitFileType = wrapper.cfbundle; includeInIndex = 0; path = "Amtrak StatusTests.xctest"; sourceTree = BUILT_PRODUCTS_DIR; };
		3AC026C71981AE9700AEDAE9 /* XCTest.framework */ = {isa = PBXFileReference; lastKnownFileType = wrapper.framework; name = XCTest.framework; path = Library/Frameworks/XCTest.framework; sourceTree = DEVELOPER_DIR; };
		3AC026CE1981AE9700AEDAE9 /* Amtrak StatusTests-Info.plist */ = {isa = PBXFileReference; lastKnownFileType = text.plist.xml; path = "Amtrak StatusTests-Info.plist"; sourceTree = "<group>"; };
		3AC026D01981AE9700AEDAE9 /* en */ = {isa = PBXFileReference; lastKnownFileType = text.plist.strings; name = en; path = en.lproj/InfoPlist.strings; sourceTree = "<group>"; };
		3AC026D21981AE9700AEDAE9 /* Amtrak_StatusTests.m */ = {isa = PBXFileReference; lastKnownFileType = sourcecode.c.objc; path = Amtrak_StatusTests.m; sourceTree = "<group>"; };
		3AC026DD1981C2D100AEDAE9 /* TLAmtrakStatusMenu.h */ = {isa = PBXFileReference; fileEncoding = 4; lastKnownFileType = sourcecode.c.h; name = TLAmtrakStatusMenu.h; path = TLAmtrakStatusMenu/TLAmtrakStatusMenu.h; sourceTree = "<group>"; };
		3AC026DE1981C2D100AEDAE9 /* TLAmtrakStatusMenu.m */ = {isa = PBXFileReference; fileEncoding = 4; lastKnownFileType = sourcecode.c.objc; name = TLAmtrakStatusMenu.m; path = TLAmtrakStatusMenu/TLAmtrakStatusMenu.m; sourceTree = "<group>"; };
		3AC026E81981CE6100AEDAE9 /* TLAmtrakStatusGrabber.h */ = {isa = PBXFileReference; fileEncoding = 4; lastKnownFileType = sourcecode.c.h; name = TLAmtrakStatusGrabber.h; path = TLAmtrakStatusGrabber/TLAmtrakStatusGrabber.h; sourceTree = "<group>"; };
		3AC026E91981CE6100AEDAE9 /* TLAmtrakStatusGrabber.m */ = {isa = PBXFileReference; fileEncoding = 4; lastKnownFileType = sourcecode.c.objc; name = TLAmtrakStatusGrabber.m; path = TLAmtrakStatusGrabber/TLAmtrakStatusGrabber.m; sourceTree = "<group>"; };
/* End PBXFileReference section */

/* Begin PBXFrameworksBuildPhase section */
		3AC026A21981AE9700AEDAE9 /* Frameworks */ = {
			isa = PBXFrameworksBuildPhase;
			buildActionMask = 2147483647;
			files = (
				3AC026A91981AE9700AEDAE9 /* Cocoa.framework in Frameworks */,
				3A1DD09219A7F98A004C038C /* Sparkle.framework in Frameworks */,
			);
			runOnlyForDeploymentPostprocessing = 0;
		};
		3AC026C31981AE9700AEDAE9 /* Frameworks */ = {
			isa = PBXFrameworksBuildPhase;
			buildActionMask = 2147483647;
			files = (
				3AC026C91981AE9700AEDAE9 /* Cocoa.framework in Frameworks */,
				3AC026C81981AE9700AEDAE9 /* XCTest.framework in Frameworks */,
			);
			runOnlyForDeploymentPostprocessing = 0;
		};
/* End PBXFrameworksBuildPhase section */

/* Begin PBXGroup section */
		3A1B2AC619833D3300EB2C05 /* TLAmtrakStatusView */ = {
			isa = PBXGroup;
			children = (
				3A1B2AC319833D0600EB2C05 /* TLAmtrakStatusView.h */,
				3A1B2AC419833D0600EB2C05 /* TLAmtrakStatusView.m */,
			);
			name = TLAmtrakStatusView;
			sourceTree = "<group>";
		};
		3A2F05BC198C422A00237226 /* Unirest */ = {
			isa = PBXGroup;
			children = (
				3A2F05BD198C422A00237226 /* Base64.h */,
				3A2F05BE198C422A00237226 /* Base64.m */,
				3A2F05BF198C422A00237226 /* HttpRequest */,
				3A2F05C6198C422A00237226 /* HttpResponse */,
				3A2F05D1198C422A00237226 /* UNIHTTPClientHelper.h */,
				3A2F05D2198C422A00237226 /* UNIHTTPClientHelper.m */,
				3A2F05D3198C422A00237226 /* UNIHTTPRequest.h */,
				3A2F05D4198C422A00237226 /* UNIHTTPRequest.m */,
				3A2F05D5198C422A00237226 /* UNIHTTPRequestWithBody.h */,
				3A2F05D6198C422A00237226 /* UNIHTTPRequestWithBody.m */,
				3A2F05D7198C422A00237226 /* Unirest-Prefix.pch */,
				3A2F05D8198C422A00237226 /* UNIRest.h */,
				3A2F05D9198C422A00237226 /* UNIRest.m */,
				3A2F05DA198C422A00237226 /* UNIUrlConnection.h */,
				3A2F05DB198C422A00237226 /* UNIUrlConnection.m */,
			);
			path = Unirest;
			sourceTree = "<group>";
		};
		3A2F05BF198C422A00237226 /* HttpRequest */ = {
			isa = PBXGroup;
			children = (
				3A2F05C0198C422A00237226 /* UNIBaseRequest.h */,
				3A2F05C1198C422A00237226 /* UNIBaseRequest.m */,
				3A2F05C2198C422A00237226 /* UNIBodyRequest.h */,
				3A2F05C3198C422A00237226 /* UNIBodyRequest.m */,
				3A2F05C4198C422A00237226 /* UNISimpleRequest.h */,
				3A2F05C5198C422A00237226 /* UNISimpleRequest.m */,
			);
			path = HttpRequest;
			sourceTree = "<group>";
		};
		3A2F05C6198C422A00237226 /* HttpResponse */ = {
			isa = PBXGroup;
			children = (
				3A2F05C7198C422A00237226 /* UNIHTTPBinaryResponse.h */,
				3A2F05C8198C422A00237226 /* UNIHTTPBinaryResponse.m */,
				3A2F05C9198C422A00237226 /* UNIHTTPJsonResponse.h */,
				3A2F05CA198C422A00237226 /* UNIHTTPJsonResponse.m */,
				3A2F05CB198C422A00237226 /* UNIHTTPResponse.h */,
				3A2F05CC198C422A00237226 /* UNIHTTPResponse.m */,
				3A2F05CD198C422A00237226 /* UNIHTTPStringResponse.h */,
				3A2F05CE198C422A00237226 /* UNIHTTPStringResponse.m */,
				3A2F05CF198C422A00237226 /* UNIJsonNode.h */,
				3A2F05D0198C422A00237226 /* UNIJsonNode.m */,
			);
			path = HttpResponse;
			sourceTree = "<group>";
		};
		3A2F05ED198C4B8800237226 /* TLPreferencesWindowController */ = {
			isa = PBXGroup;
			children = (
				3A2F05EA198C479400237226 /* TLPreferencesWindowController.h */,
				3A2F05EB198C479400237226 /* TLPreferencesWindowController.m */,
			);
			name = TLPreferencesWindowController;
			sourceTree = "<group>";
		};
		3A2F05F1198EC2DC00237226 /* TLTrainListItemTextView */ = {
			isa = PBXGroup;
			children = (
				3A2F05EE198EC2D700237226 /* TLTrainListItemTextView.h */,
				3A2F05EF198EC2D700237226 /* TLTrainListItemTextView.m */,
			);
			name = TLTrainListItemTextView;
			sourceTree = "<group>";
		};
		3A5D5A2A199967EE00F179B8 /* TLTrain */ = {
			isa = PBXGroup;
			children = (
				3A5D5A27199967C300F179B8 /* TLTrain.h */,
				3A5D5A28199967C300F179B8 /* TLTrain.m */,
			);
			name = TLTrain;
			sourceTree = "<group>";
		};
		3A64C396198725A700053DC7 /* TLTrainListItemView */ = {
			isa = PBXGroup;
			children = (
				3A64C393198725A100053DC7 /* TLTrainListItemView.h */,
				3A64C394198725A100053DC7 /* TLTrainListItemView.m */,
			);
			name = TLTrainListItemView;
			sourceTree = "<group>";
		};
		3A64C39A198725C400053DC7 /* TLTrainListItemTrainView */ = {
			isa = PBXGroup;
			children = (
				3A64C397198725C000053DC7 /* TLTrainListItemTrainView.h */,
				3A64C398198725C000053DC7 /* TLTrainListItemTrainView.m */,
			);
			name = TLTrainListItemTrainView;
			sourceTree = "<group>";
		};
		3A64C39E198725E900053DC7 /* TLTrainListItemScheduledView */ = {
			isa = PBXGroup;
			children = (
				3A64C39B198725E500053DC7 /* TLTrainListItemScheduledView.h */,
				3A64C39C198725E500053DC7 /* TLTrainListItemScheduledView.m */,
			);
			name = TLTrainListItemScheduledView;
			sourceTree = "<group>";
		};
		3A64C3A21987260200053DC7 /* TLTrainListItemEstimatedView */ = {
			isa = PBXGroup;
			children = (
				3A64C39F198725FF00053DC7 /* TLTrainListItemEstimatedView.h */,
				3A64C3A0198725FF00053DC7 /* TLTrainListItemEstimatedView.m */,
			);
			name = TLTrainListItemEstimatedView;
			sourceTree = "<group>";
		};
		3AA1550B199AC2C300917EED /* TLAppDelegate */ = {
			isa = PBXGroup;
			children = (
				3AC026BA1981AE9700AEDAE9 /* TLAppDelegate.h */,
				3AC026BB1981AE9700AEDAE9 /* TLAppDelegate.m */,
			);
			name = TLAppDelegate;
			sourceTree = "<group>";
		};
		3AC0269C1981AE9700AEDAE9 = {
			isa = PBXGroup;
			children = (
				3A2F05BC198C422A00237226 /* Unirest */,
				3AC026AE1981AE9700AEDAE9 /* Amtrak Status */,
				3AC026CC1981AE9700AEDAE9 /* Amtrak StatusTests */,
				3AC026A71981AE9700AEDAE9 /* Frameworks */,
				3AC026A61981AE9700AEDAE9 /* Products */,
			);
			sourceTree = "<group>";
		};
		3AC026A61981AE9700AEDAE9 /* Products */ = {
			isa = PBXGroup;
			children = (
				3AC026A51981AE9700AEDAE9 /* Amtrak Status.app */,
				3AC026C61981AE9700AEDAE9 /* Amtrak StatusTests.xctest */,
			);
			name = Products;
			sourceTree = "<group>";
		};
		3AC026A71981AE9700AEDAE9 /* Frameworks */ = {
			isa = PBXGroup;
			children = (
				3A1DD09119A7F98A004C038C /* Sparkle.framework */,
				3AC026A81981AE9700AEDAE9 /* Cocoa.framework */,
				3AC026C71981AE9700AEDAE9 /* XCTest.framework */,
				3AC026AA1981AE9700AEDAE9 /* Other Frameworks */,
			);
			name = Frameworks;
			sourceTree = "<group>";
		};
		3AC026AA1981AE9700AEDAE9 /* Other Frameworks */ = {
			isa = PBXGroup;
			children = (
				3AC026AB1981AE9700AEDAE9 /* AppKit.framework */,
				3AC026AC1981AE9700AEDAE9 /* CoreData.framework */,
				3AC026AD1981AE9700AEDAE9 /* Foundation.framework */,
			);
			name = "Other Frameworks";
			sourceTree = "<group>";
		};
		3AC026AE1981AE9700AEDAE9 /* Amtrak Status */ = {
			isa = PBXGroup;
			children = (
				3AA1550B199AC2C300917EED /* TLAppDelegate */,
				3A1B2A7F19832EF900EB2C05 /* MainMenu.xib */,
				3AC026C01981AE9700AEDAE9 /* Images.xcassets */,
				3AC026AF1981AE9700AEDAE9 /* Supporting Files */,
				3AC026E11981C2E100AEDAE9 /* TLAmtrakStatusMenu */,
				3AC026EB1981CE6700AEDAE9 /* TLAmtrakStatusGrabber */,
				3A1B2AC619833D3300EB2C05 /* TLAmtrakStatusView */,
				3A64C396198725A700053DC7 /* TLTrainListItemView */,
				3A2F05F1198EC2DC00237226 /* TLTrainListItemTextView */,
				3A64C39A198725C400053DC7 /* TLTrainListItemTrainView */,
				3A64C39E198725E900053DC7 /* TLTrainListItemScheduledView */,
				3A64C3A21987260200053DC7 /* TLTrainListItemEstimatedView */,
				3A2F05ED198C4B8800237226 /* TLPreferencesWindowController */,
				3A5D5A2A199967EE00F179B8 /* TLTrain */,
			);
			path = "Amtrak Status";
			sourceTree = "<group>";
		};
		3AC026AF1981AE9700AEDAE9 /* Supporting Files */ = {
			isa = PBXGroup;
			children = (
				3A1DD09519A80318004C038C /* dsa_pub.pem */,
				3AC026B01981AE9700AEDAE9 /* Amtrak Status-Info.plist */,
				3AC026B11981AE9700AEDAE9 /* InfoPlist.strings */,
				3AC026B41981AE9700AEDAE9 /* main.m */,
				3AC026B61981AE9700AEDAE9 /* Amtrak Status-Prefix.pch */,
				3AC026B71981AE9700AEDAE9 /* Credits.rtf */,
				3A3A91ED19907EB600EE7E1D /* UserDefaults.plist */,
			);
			name = "Supporting Files";
			sourceTree = "<group>";
		};
		3AC026CC1981AE9700AEDAE9 /* Amtrak StatusTests */ = {
			isa = PBXGroup;
			children = (
				3AC026D21981AE9700AEDAE9 /* Amtrak_StatusTests.m */,
				3AC026CD1981AE9700AEDAE9 /* Supporting Files */,
			);
			path = "Amtrak StatusTests";
			sourceTree = "<group>";
		};
		3AC026CD1981AE9700AEDAE9 /* Supporting Files */ = {
			isa = PBXGroup;
			children = (
				3AC026CE1981AE9700AEDAE9 /* Amtrak StatusTests-Info.plist */,
				3AC026CF1981AE9700AEDAE9 /* InfoPlist.strings */,
			);
			name = "Supporting Files";
			sourceTree = "<group>";
		};
		3AC026E11981C2E100AEDAE9 /* TLAmtrakStatusMenu */ = {
			isa = PBXGroup;
			children = (
				3AC026DD1981C2D100AEDAE9 /* TLAmtrakStatusMenu.h */,
				3AC026DE1981C2D100AEDAE9 /* TLAmtrakStatusMenu.m */,
			);
			name = TLAmtrakStatusMenu;
			sourceTree = "<group>";
		};
		3AC026EB1981CE6700AEDAE9 /* TLAmtrakStatusGrabber */ = {
			isa = PBXGroup;
			children = (
				3AC026E81981CE6100AEDAE9 /* TLAmtrakStatusGrabber.h */,
				3AC026E91981CE6100AEDAE9 /* TLAmtrakStatusGrabber.m */,
			);
			name = TLAmtrakStatusGrabber;
			sourceTree = "<group>";
		};
/* End PBXGroup section */

/* Begin PBXNativeTarget section */
		3AC026A41981AE9700AEDAE9 /* Amtrak Status */ = {
			isa = PBXNativeTarget;
			buildConfigurationList = 3AC026D61981AE9700AEDAE9 /* Build configuration list for PBXNativeTarget "Amtrak Status" */;
			buildPhases = (
				3AC026A11981AE9700AEDAE9 /* Sources */,
				3AC026A21981AE9700AEDAE9 /* Frameworks */,
				3AC026A31981AE9700AEDAE9 /* Resources */,
				3A1DD09319A7FB05004C038C /* Copy Files */,
			);
			buildRules = (
			);
			dependencies = (
			);
			name = "Amtrak Status";
			productName = "Amtrak Status";
			productReference = 3AC026A51981AE9700AEDAE9 /* Amtrak Status.app */;
			productType = "com.apple.product-type.application";
		};
		3AC026C51981AE9700AEDAE9 /* Amtrak StatusTests */ = {
			isa = PBXNativeTarget;
			buildConfigurationList = 3AC026D91981AE9700AEDAE9 /* Build configuration list for PBXNativeTarget "Amtrak StatusTests" */;
			buildPhases = (
				3AC026C21981AE9700AEDAE9 /* Sources */,
				3AC026C31981AE9700AEDAE9 /* Frameworks */,
				3AC026C41981AE9700AEDAE9 /* Resources */,
			);
			buildRules = (
			);
			dependencies = (
				3AC026CB1981AE9700AEDAE9 /* PBXTargetDependency */,
			);
			name = "Amtrak StatusTests";
			productName = "Amtrak StatusTests";
			productReference = 3AC026C61981AE9700AEDAE9 /* Amtrak StatusTests.xctest */;
			productType = "com.apple.product-type.bundle.unit-test";
		};
/* End PBXNativeTarget section */

/* Begin PBXProject section */
		3AC0269D1981AE9700AEDAE9 /* Project object */ = {
			isa = PBXProject;
			attributes = {
				CLASSPREFIX = TL;
				LastUpgradeCheck = 0510;
				ORGANIZATIONNAME = "___FULLUSERNAME___";
				TargetAttributes = {
					3AC026C51981AE9700AEDAE9 = {
						TestTargetID = 3AC026A41981AE9700AEDAE9;
					};
				};
			};
			buildConfigurationList = 3AC026A01981AE9700AEDAE9 /* Build configuration list for PBXProject "Amtrak Status" */;
			compatibilityVersion = "Xcode 3.2";
			developmentRegion = English;
			hasScannedForEncodings = 0;
			knownRegions = (
				en,
				Base,
			);
			mainGroup = 3AC0269C1981AE9700AEDAE9;
			productRefGroup = 3AC026A61981AE9700AEDAE9 /* Products */;
			projectDirPath = "";
			projectRoot = "";
			targets = (
				3AC026A41981AE9700AEDAE9 /* Amtrak Status */,
				3AC026C51981AE9700AEDAE9 /* Amtrak StatusTests */,
			);
		};
/* End PBXProject section */

/* Begin PBXResourcesBuildPhase section */
		3AC026A31981AE9700AEDAE9 /* Resources */ = {
			isa = PBXResourcesBuildPhase;
			buildActionMask = 2147483647;
			files = (
				3AC026B31981AE9700AEDAE9 /* InfoPlist.strings in Resources */,
				3A1DD09619A80318004C038C /* dsa_pub.pem in Resources */,
				3A3A91EE19907EB600EE7E1D /* UserDefaults.plist in Resources */,
				3A1B2A8019832EF900EB2C05 /* MainMenu.xib in Resources */,
				3AC026C11981AE9700AEDAE9 /* Images.xcassets in Resources */,
				3AC026B91981AE9700AEDAE9 /* Credits.rtf in Resources */,
			);
			runOnlyForDeploymentPostprocessing = 0;
		};
		3AC026C41981AE9700AEDAE9 /* Resources */ = {
			isa = PBXResourcesBuildPhase;
			buildActionMask = 2147483647;
			files = (
				3AC026D11981AE9700AEDAE9 /* InfoPlist.strings in Resources */,
			);
			runOnlyForDeploymentPostprocessing = 0;
		};
/* End PBXResourcesBuildPhase section */

/* Begin PBXSourcesBuildPhase section */
		3AC026A11981AE9700AEDAE9 /* Sources */ = {
			isa = PBXSourcesBuildPhase;
			buildActionMask = 2147483647;
			files = (
				3A1B2AC519833D0600EB2C05 /* TLAmtrakStatusView.m in Sources */,
				3AC026BC1981AE9700AEDAE9 /* TLAppDelegate.m in Sources */,
				3A2F05DE198C422A00237226 /* UNIBodyRequest.m in Sources */,
				3A2F05E5198C422A00237226 /* UNIHTTPClientHelper.m in Sources */,
				3A64C395198725A100053DC7 /* TLTrainListItemView.m in Sources */,
				3A2F05E1198C422A00237226 /* UNIHTTPJsonResponse.m in Sources */,
				3AC026DF1981C2D100AEDAE9 /* TLAmtrakStatusMenu.m in Sources */,
				3A2F05E4198C422A00237226 /* UNIJsonNode.m in Sources */,
				3A2F05EC198C479400237226 /* TLPreferencesWindowController.m in Sources */,
				3A2F05E7198C422A00237226 /* UNIHTTPRequestWithBody.m in Sources */,
				3A2F05E6198C422A00237226 /* UNIHTTPRequest.m in Sources */,
				3A2F05F0198EC2D700237226 /* TLTrainListItemTextView.m in Sources */,
				3A2F05DF198C422A00237226 /* UNISimpleRequest.m in Sources */,
				3A2F05E2198C422A00237226 /* UNIHTTPResponse.m in Sources */,
				3A5D5A29199967C300F179B8 /* TLTrain.m in Sources */,
				3A2F05E0198C422A00237226 /* UNIHTTPBinaryResponse.m in Sources */,
				3AC026B51981AE9700AEDAE9 /* main.m in Sources */,
				3A2F05E9198C422A00237226 /* UNIUrlConnection.m in Sources */,
				3A64C399198725C000053DC7 /* TLTrainListItemTrainView.m in Sources */,
				3A2F05DC198C422A00237226 /* Base64.m in Sources */,
				3A2F05E8198C422A00237226 /* UNIRest.m in Sources */,
				3A64C39D198725E500053DC7 /* TLTrainListItemScheduledView.m in Sources */,
				3A64C3A1198725FF00053DC7 /* TLTrainListItemEstimatedView.m in Sources */,
				3A2F05DD198C422A00237226 /* UNIBaseRequest.m in Sources */,
				3AC026EA1981CE6100AEDAE9 /* TLAmtrakStatusGrabber.m in Sources */,
				3A2F05E3198C422A00237226 /* UNIHTTPStringResponse.m in Sources */,
			);
			runOnlyForDeploymentPostprocessing = 0;
		};
		3AC026C21981AE9700AEDAE9 /* Sources */ = {
			isa = PBXSourcesBuildPhase;
			buildActionMask = 2147483647;
			files = (
				3AC026D31981AE9700AEDAE9 /* Amtrak_StatusTests.m in Sources */,
			);
			runOnlyForDeploymentPostprocessing = 0;
		};
/* End PBXSourcesBuildPhase section */

/* Begin PBXTargetDependency section */
		3AC026CB1981AE9700AEDAE9 /* PBXTargetDependency */ = {
			isa = PBXTargetDependency;
			target = 3AC026A41981AE9700AEDAE9 /* Amtrak Status */;
			targetProxy = 3AC026CA1981AE9700AEDAE9 /* PBXContainerItemProxy */;
		};
/* End PBXTargetDependency section */

/* Begin PBXVariantGroup section */
		3AC026B11981AE9700AEDAE9 /* InfoPlist.strings */ = {
			isa = PBXVariantGroup;
			children = (
				3AC026B21981AE9700AEDAE9 /* en */,
			);
			name = InfoPlist.strings;
			sourceTree = "<group>";
		};
		3AC026B71981AE9700AEDAE9 /* Credits.rtf */ = {
			isa = PBXVariantGroup;
			children = (
				3AC026B81981AE9700AEDAE9 /* en */,
			);
			name = Credits.rtf;
			sourceTree = "<group>";
		};
		3AC026CF1981AE9700AEDAE9 /* InfoPlist.strings */ = {
			isa = PBXVariantGroup;
			children = (
				3AC026D01981AE9700AEDAE9 /* en */,
			);
			name = InfoPlist.strings;
			sourceTree = "<group>";
		};
/* End PBXVariantGroup section */

/* Begin XCBuildConfiguration section */
		3AC026D41981AE9700AEDAE9 /* Debug */ = {
			isa = XCBuildConfiguration;
			buildSettings = {
				ALWAYS_SEARCH_USER_PATHS = NO;
				CLANG_CXX_LANGUAGE_STANDARD = "gnu++0x";
				CLANG_CXX_LIBRARY = "libc++";
				CLANG_ENABLE_MODULES = YES;
				CLANG_ENABLE_OBJC_ARC = YES;
				CLANG_WARN_BOOL_CONVERSION = YES;
				CLANG_WARN_CONSTANT_CONVERSION = YES;
				CLANG_WARN_DIRECT_OBJC_ISA_USAGE = YES_ERROR;
				CLANG_WARN_EMPTY_BODY = YES;
				CLANG_WARN_ENUM_CONVERSION = YES;
				CLANG_WARN_INT_CONVERSION = YES;
				CLANG_WARN_OBJC_ROOT_CLASS = YES_ERROR;
				CLANG_WARN__DUPLICATE_METHOD_MATCH = YES;
				COPY_PHASE_STRIP = NO;
				GCC_C_LANGUAGE_STANDARD = gnu99;
				GCC_DYNAMIC_NO_PIC = NO;
				GCC_ENABLE_OBJC_EXCEPTIONS = YES;
				GCC_OPTIMIZATION_LEVEL = 0;
				GCC_PREPROCESSOR_DEFINITIONS = (
					"DEBUG=1",
					"$(inherited)",
				);
				GCC_SYMBOLS_PRIVATE_EXTERN = NO;
				GCC_WARN_64_TO_32_BIT_CONVERSION = YES;
				GCC_WARN_ABOUT_RETURN_TYPE = YES_ERROR;
				GCC_WARN_UNDECLARED_SELECTOR = YES;
				GCC_WARN_UNINITIALIZED_AUTOS = YES_AGGRESSIVE;
				GCC_WARN_UNUSED_FUNCTION = YES;
				GCC_WARN_UNUSED_VARIABLE = YES;
				MACOSX_DEPLOYMENT_TARGET = 10.9;
				ONLY_ACTIVE_ARCH = YES;
				SDKROOT = macosx;
			};
			name = Debug;
		};
		3AC026D51981AE9700AEDAE9 /* Release */ = {
			isa = XCBuildConfiguration;
			buildSettings = {
				ALWAYS_SEARCH_USER_PATHS = NO;
				CLANG_CXX_LANGUAGE_STANDARD = "gnu++0x";
				CLANG_CXX_LIBRARY = "libc++";
				CLANG_ENABLE_MODULES = YES;
				CLANG_ENABLE_OBJC_ARC = YES;
				CLANG_WARN_BOOL_CONVERSION = YES;
				CLANG_WARN_CONSTANT_CONVERSION = YES;
				CLANG_WARN_DIRECT_OBJC_ISA_USAGE = YES_ERROR;
				CLANG_WARN_EMPTY_BODY = YES;
				CLANG_WARN_ENUM_CONVERSION = YES;
				CLANG_WARN_INT_CONVERSION = YES;
				CLANG_WARN_OBJC_ROOT_CLASS = YES_ERROR;
				CLANG_WARN__DUPLICATE_METHOD_MATCH = YES;
				COPY_PHASE_STRIP = YES;
				DEBUG_INFORMATION_FORMAT = "dwarf-with-dsym";
				ENABLE_NS_ASSERTIONS = NO;
				GCC_C_LANGUAGE_STANDARD = gnu99;
				GCC_ENABLE_OBJC_EXCEPTIONS = YES;
				GCC_WARN_64_TO_32_BIT_CONVERSION = YES;
				GCC_WARN_ABOUT_RETURN_TYPE = YES_ERROR;
				GCC_WARN_UNDECLARED_SELECTOR = YES;
				GCC_WARN_UNINITIALIZED_AUTOS = YES_AGGRESSIVE;
				GCC_WARN_UNUSED_FUNCTION = YES;
				GCC_WARN_UNUSED_VARIABLE = YES;
				MACOSX_DEPLOYMENT_TARGET = 10.9;
				SDKROOT = macosx;
			};
			name = Release;
		};
		3AC026D71981AE9700AEDAE9 /* Debug */ = {
			isa = XCBuildConfiguration;
			buildSettings = {
				ASSETCATALOG_COMPILER_APPICON_NAME = AppIcon;
				COMBINE_HIDPI_IMAGES = YES;
				FRAMEWORK_SEARCH_PATHS = (
					"$(inherited)",
					"$(PROJECT_DIR)",
				);
				GCC_PRECOMPILE_PREFIX_HEADER = YES;
				GCC_PREFIX_HEADER = "Amtrak Status/Amtrak Status-Prefix.pch";
				INFOPLIST_FILE = "Amtrak Status/Amtrak Status-Info.plist";
				PRODUCT_NAME = "$(TARGET_NAME)";
				WRAPPER_EXTENSION = app;
			};
			name = Debug;
		};
		3AC026D81981AE9700AEDAE9 /* Release */ = {
			isa = XCBuildConfiguration;
			buildSettings = {
				ASSETCATALOG_COMPILER_APPICON_NAME = AppIcon;
				COMBINE_HIDPI_IMAGES = YES;
				FRAMEWORK_SEARCH_PATHS = (
					"$(inherited)",
					"$(PROJECT_DIR)",
				);
				GCC_PRECOMPILE_PREFIX_HEADER = YES;
				GCC_PREFIX_HEADER = "Amtrak Status/Amtrak Status-Prefix.pch";
				INFOPLIST_FILE = "Amtrak Status/Amtrak Status-Info.plist";
				PRODUCT_NAME = "$(TARGET_NAME)";
				WRAPPER_EXTENSION = app;
			};
			name = Release;
		};
		3AC026DA1981AE9700AEDAE9 /* Debug */ = {
			isa = XCBuildConfiguration;
			buildSettings = {
				BUNDLE_LOADER = "$(BUILT_PRODUCTS_DIR)/Amtrak Status.app/Contents/MacOS/Amtrak Status";
				COMBINE_HIDPI_IMAGES = YES;
				FRAMEWORK_SEARCH_PATHS = (
					"$(DEVELOPER_FRAMEWORKS_DIR)",
					"$(inherited)",
				);
				GCC_PRECOMPILE_PREFIX_HEADER = YES;
				GCC_PREFIX_HEADER = "Amtrak Status/Amtrak Status-Prefix.pch";
				GCC_PREPROCESSOR_DEFINITIONS = (
					"DEBUG=1",
					"$(inherited)",
				);
				INFOPLIST_FILE = "Amtrak StatusTests/Amtrak StatusTests-Info.plist";
				PRODUCT_NAME = "$(TARGET_NAME)";
				TEST_HOST = "$(BUNDLE_LOADER)";
				WRAPPER_EXTENSION = xctest;
			};
			name = Debug;
		};
		3AC026DB1981AE9700AEDAE9 /* Release */ = {
			isa = XCBuildConfiguration;
			buildSettings = {
				BUNDLE_LOADER = "$(BUILT_PRODUCTS_DIR)/Amtrak Status.app/Contents/MacOS/Amtrak Status";
				COMBINE_HIDPI_IMAGES = YES;
				FRAMEWORK_SEARCH_PATHS = (
					"$(DEVELOPER_FRAMEWORKS_DIR)",
					"$(inherited)",
				);
				GCC_PRECOMPILE_PREFIX_HEADER = YES;
				GCC_PREFIX_HEADER = "Amtrak Status/Amtrak Status-Prefix.pch";
				INFOPLIST_FILE = "Amtrak StatusTests/Amtrak StatusTests-Info.plist";
				PRODUCT_NAME = "$(TARGET_NAME)";
				TEST_HOST = "$(BUNDLE_LOADER)";
				WRAPPER_EXTENSION = xctest;
			};
			name = Release;
		};
/* End XCBuildConfiguration section */

/* Begin XCConfigurationList section */
		3AC026A01981AE9700AEDAE9 /* Build configuration list for PBXProject "Amtrak Status" */ = {
			isa = XCConfigurationList;
			buildConfigurations = (
				3AC026D41981AE9700AEDAE9 /* Debug */,
				3AC026D51981AE9700AEDAE9 /* Release */,
			);
			defaultConfigurationIsVisible = 0;
			defaultConfigurationName = Release;
		};
		3AC026D61981AE9700AEDAE9 /* Build configuration list for PBXNativeTarget "Amtrak Status" */ = {
			isa = XCConfigurationList;
			buildConfigurations = (
				3AC026D71981AE9700AEDAE9 /* Debug */,
				3AC026D81981AE9700AEDAE9 /* Release */,
			);
			defaultConfigurationIsVisible = 0;
			defaultConfigurationName = Release;
		};
		3AC026D91981AE9700AEDAE9 /* Build configuration list for PBXNativeTarget "Amtrak StatusTests" */ = {
			isa = XCConfigurationList;
			buildConfigurations = (
				3AC026DA1981AE9700AEDAE9 /* Debug */,
				3AC026DB1981AE9700AEDAE9 /* Release */,
			);
			defaultConfigurationIsVisible = 0;
			defaultConfigurationName = Release;
		};
/* End XCConfigurationList section */
	};
	rootObject = 3AC0269D1981AE9700AEDAE9 /* Project object */;
}
